
Microsoft Visual Studio Solution File, Format Version 12.00
# Visual Studio Version 17
VisualStudioVersion = 17.2.32519.379
MinimumVisualStudioVersion = 10.0.40219.1
Project("{FAE04EC0-301F-11D3-BF4B-00C04F79EFBC}") = "ATE", "ATE\ATE.csproj", "{D64C2E1D-EC8A-4C6D-8C22-AD4031A1D1E9}"
EndProject
Project("{FAE04EC0-301F-11D3-BF4B-00C04F79EFBC}") = "Temporary", "Temporary\Temporary.csproj", "{0B22C77A-FEED-45D2-B3A4-0819E8D9617F}"
EndProject
Global
	GlobalSection(SolutionConfigurationPlatforms) = preSolution
		Debug|Any CPU = Debug|Any CPU
		Release|Any CPU = Release|Any CPU
	EndGlobalSection
	GlobalSection(ProjectConfigurationPlatforms) = postSolution
		{D64C2E1D-EC8A-4C6D-8C22-AD4031A1D1E9}.Debug|Any CPU.ActiveCfg = Debug|Any CPU
		{D64C2E1D-EC8A-4C6D-8C22-AD4031A1D1E9}.Debug|Any CPU.Build.0 = Debug|Any CPU
		{D64C2E1D-EC8A-4C6D-8C22-AD4031A1D1E9}.Release|Any CPU.ActiveCfg = Release|Any CPU
		{D64C2E1D-EC8A-4C6D-8C22-AD4031A1D1E9}.Release|Any CPU.Build.0 = Release|Any CPU
		{0B22C77A-FEED-45D2-B3A4-0819E8D9617F}.Debug|Any CPU.ActiveCfg = Debug|Any CPU
		{0B22C77A-FEED-45D2-B3A4-0819E8D9617F}.Debug|Any CPU.Build.0 = Debug|Any CPU
		{0B22C77A-FEED-45D2-B3A4-0819E8D9617F}.Release|Any CPU.ActiveCfg = Release|Any CPU
		{0B22C77A-FEED-45D2-B3A4-0819E8D9617F}.Release|Any CPU.Build.0 = Release|Any CPU
	EndGlobalSection
	GlobalSection(SolutionProperties) = preSolution
		HideSolutionNode = FALSE
	EndGlobalSection
	GlobalSection(ExtensibilityGlobals) = postSolution
		SolutionGuid = {CAA93FD7-96A2-4186-8379-3DA376D23AFA}
	EndGlobalSection
EndGlobal
